#MicroXplorer Configuration settings - do not modify
Mcu.Family=STM32L4
ProjectManager.MainLocation=Src
PG8.Mode=Asynchronous
PA6.Mode=Full_Duplex_Master
RCC.USART1Freq_Value=80000000
RCC.SAI1Freq_Value=64000000
RCC.CortexFreq_Value=80000000
ProjectManager.KeepUserCode=true
Mcu.UserName=STM32L496ZGTx
SPI1.VirtualType=VM_MASTER
PG8.Signal=LPUART1_RX
PG8.Locked=true
RCC.PLLSAI1RoutputFreq_Value=64000000
ProjectManager.functionlistsort=1-MX_GPIO_Init-GPIO-false-HAL-true,2-SystemClock_Config-RCC-false-HAL-false,3-MX_DMA_Init-DMA-false-HAL-true,4-MX_LPUART1_UART_Init-LPUART1-false-HAL-true,5-MX_DCMI_Init-DCMI-false-HAL-true,6-MX_I2C1_Init-I2C1-false-HAL-true,7-MX_SPI1_Init-SPI1-false-HAL-true,8-MX_TIM4_Init-TIM4-false-HAL-true
LPUART1.WordLength=UART_WORDLENGTH_8B
RCC.USART2Freq_Value=80000000
PA15\ (JTDI).Signal=SYS_JTDI
PC15-OSC32_OUT\ (PC15).Mode=LSE-External-Oscillator
PG13.Signal=I2C1_SDA
PD9.Mode=Slave_8_bits_External_Synchro
PinOutPanel.RotationAngle=0
RCC.MCO1PinFreq_Value=80000000
RCC.SYSCLKSource=RCC_SYSCLKSOURCE_PLLCLK
ProjectManager.StackSize=0x400
PC14-OSC32_IN\ (PC14).Mode=LSE-External-Oscillator
Dma.DCMI.0.MemDataAlignment=DMA_MDATAALIGN_WORD
RCC.I2C3Freq_Value=80000000
RCC.LPTIM1Freq_Value=80000000
Mcu.IP4=NVIC
Mcu.IP5=RCC
RCC.FCLKCortexFreq_Value=80000000
Mcu.IP2=I2C1
NVIC.SVCall_IRQn=true\:0\:0\:false\:false\:true\:false\:false
Mcu.IP3=LPUART1
Mcu.IP0=DCMI
PA12.Locked=true
PA14\ (JTCK/SWCLK).Signal=SYS_JTCK-SWCLK
PA15\ (JTDI).Mode=JTAG_4_pins
Mcu.IP1=DMA
Dma.DCMI.0.MemInc=DMA_MINC_ENABLE
PA12.Signal=GPIO_Output
Mcu.UserConstants=
RCC.VCOSAI1OutputFreq_Value=128000000
PA4.Mode=Slave_8_bits_External_Synchro
Dma.DCMI.0.PeriphDataAlignment=DMA_PDATAALIGN_WORD
RCC.SDMMCFreq_Value=64000000
Mcu.ThirdPartyNb=0
SPI1.Direction=SPI_DIRECTION_2LINES
RCC.HCLKFreq_Value=80000000
RCC.I2C4Freq_Value=80000000
Mcu.IPNb=9
ProjectManager.PreviousToolchain=
RCC.APB2TimFreq_Value=80000000
PB6.Signal=S_TIM4_CH1
PC7.Signal=DCMI_D1
SPI1.CalculateBaudRate=40.0 MBits/s
Mcu.Pin6=PA5
RCC.SAI2Freq_Value=64000000
Mcu.Pin7=PA6
PE5.Signal=DCMI_D6
Mcu.Pin8=PA7
Mcu.Pin9=PB12
RCC.AHBFreq_Value=80000000
Mcu.Pin0=PE4
Mcu.Pin1=PE5
GPIO.groupedBy=Group By Peripherals
Mcu.Pin2=PE6
Mcu.Pin3=PC14-OSC32_IN (PC14)
RCC.USART3Freq_Value=80000000
Mcu.Pin4=PC15-OSC32_OUT (PC15)
Mcu.Pin5=PA4
ProjectManager.ProjectBuild=false
RCC.HSE_VALUE=8000000
NVIC.UsageFault_IRQn=true\:0\:0\:false\:false\:true\:false\:false
NVIC.DebugMonitor_IRQn=true\:0\:0\:false\:false\:true\:false\:false
NVIC.SysTick_IRQn=true\:0\:0\:false\:false\:true\:false\:true
DCMI.PCKPolarity=DCMI_PCKPOLARITY_RISING
PG14.Mode=I2C
ProjectManager.FirmwarePackage=STM32Cube FW_L4 V1.14.0
MxDb.Version=DB.5.0.40
ProjectManager.BackupPrevious=false
RCC.VCOInputFreq_Value=16000000
SPI1.DataSize=SPI_DATASIZE_8BIT
File.Version=6
PC9.Mode=Slave_8_bits_External_Synchro
PB7.Signal=DCMI_VSYNC
PA14\ (JTCK/SWCLK).Mode=JTAG_4_pins
RCC.PLLRCLKFreq_Value=80000000
PG13.Mode=I2C
PB6.Locked=true
NVIC.PendSV_IRQn=true\:0\:0\:false\:false\:true\:false\:false
PE4.Mode=Slave_8_bits_External_Synchro
TIM4.Period=999
PA13\ (JTMS/SWDIO).Locked=true
PD3.Mode=Slave_8_bits_External_Synchro
PE4.Signal=DCMI_D4
Dma.RequestsNb=1
ProjectManager.HalAssertFull=false
ProjectManager.ProjectName=TencentOS_tiny
Mcu.Package=LQFP144
PA6.Signal=SPI1_MISO
Dma.DCMI.0.RequestParameters=Instance,Direction,PeriphInc,MemInc,PeriphDataAlignment,MemDataAlignment,Mode,Priority
PA5.Locked=true
Dma.DCMI.0.Direction=DMA_PERIPH_TO_MEMORY
ProjectManager.ToolChainLocation=
PA14\ (JTCK/SWCLK).Locked=true
RCC.LSI_VALUE=32000
VP_SYS_VS_Systick.Signal=SYS_VS_Systick
RCC.LSCOPinFreq_Value=32000
RCC.DFSDMFreq_Value=80000000
RCC.PLLPoutputFreq_Value=80000000
SH.S_TIM4_CH1.0=TIM4_CH1,PWM Generation1 CH1
RCC.APB1TimFreq_Value=80000000
NVIC.BusFault_IRQn=true\:0\:0\:false\:false\:true\:false\:false
RCC.LPUART1Freq_Value=80000000
Dma.Request0=DCMI
ProjectManager.CustomerFirmwarePackage=
RCC.HSI48_VALUE=48000000
PA5.Mode=Full_Duplex_Master
RCC.MSI_VALUE=4000000
RCC.PLLSourceVirtual=RCC_PLLSOURCE_HSI
TIM4.Channel-PWM\ Generation1\ CH1=TIM_CHANNEL_1
SH.S_TIM4_CH1.ConfNb=1
RCC.PLLQoutputFreq_Value=80000000
ProjectManager.ProjectFileName=TencentOS_tiny.ioc
PG7.Locked=true
PA7.Mode=Full_Duplex_Master
PG7.Signal=LPUART1_TX
PA13\ (JTMS/SWDIO).Mode=JTAG_4_pins
Mcu.PinsNb=31
ProjectManager.NoMain=false
SPI1.IPParameters=VirtualType,Mode,Direction,CalculateBaudRate,DataSize
RCC.SWPMI1Freq_Value=80000000
PD3.Signal=DCMI_D5
PC8.Signal=DCMI_D2
PC6.Signal=DCMI_D0
ProjectManager.DefaultFWLocation=true
PC15-OSC32_OUT\ (PC15).Signal=RCC_OSC32_OUT
PD9.Signal=DCMI_PIXCLK
PB12.Locked=true
ProjectManager.DeletePrevious=true
PB14.Locked=true
RCC.VCOSAI2OutputFreq_Value=128000000
LPUART1.IPParameters=WordLength,BaudRate
RCC.FamilyName=M
PA11.Locked=true
PB3\ (JTDO/TRACESWO).Locked=true
PB3\ (JTDO/TRACESWO).Signal=SYS_JTDO-SWO
VP_TIM4_VS_ClockSourceINT.Signal=TIM4_VS_ClockSourceINT
ProjectManager.TargetToolchain=EWARM V8
TIM4.IPParameters=Channel-PWM Generation1 CH1,Prescaler,Period
PC6.Mode=Slave_8_bits_External_Synchro
Dma.DCMI.0.Instance=DMA2_Channel6
Dma.DCMI.0.Mode=DMA_CIRCULAR
ProjectManager.RegisterCallBack=
RCC.USBFreq_Value=64000000
TIM4.Prescaler=300
PG7.Mode=Asynchronous
RCC.PLLSAI1PoutputFreq_Value=64000000
DCMI.JPEGMode=DCMI_JPEG_ENABLE
PB14.Signal=GPIO_Output
RCC.PLLSAI2RoutputFreq_Value=64000000
PA5.Signal=SPI1_SCK
PG14.Signal=I2C1_SCL
DCMI.IPParameters=JPEGMode,PCKPolarity
board=custom
RCC.VCOOutputFreq_Value=160000000
ProjectManager.LastFirmware=true
RCC.APB2Freq_Value=80000000
RCC.UART4Freq_Value=80000000
PE6.Mode=Slave_8_bits_External_Synchro
MxCube.Version=5.4.0
RCC.I2C1Freq_Value=80000000
SPI1.Mode=SPI_MODE_MASTER
RCC.RNGFreq_Value=64000000
PE5.Mode=Slave_8_bits_External_Synchro
RCC.PLLSAI1QoutputFreq_Value=64000000
Mcu.Pin30=VP_TIM4_VS_ClockSourceINT
RCC.ADCFreq_Value=64000000
VP_SYS_VS_Systick.Mode=SysTick
NVIC.NonMaskableInt_IRQn=true\:0\:0\:false\:false\:true\:false\:false
NVIC.DMA2_Channel6_IRQn=true\:0\:0\:false\:false\:true\:false\:true
PE6.Signal=DCMI_D7
RCC.UART5Freq_Value=80000000
ProjectManager.FreePins=false
RCC.IPParameters=ADCFreq_Value,AHBFreq_Value,APB1Freq_Value,APB1TimFreq_Value,APB2Freq_Value,APB2TimFreq_Value,CortexFreq_Value,DFSDMFreq_Value,FCLKCortexFreq_Value,FamilyName,HCLKFreq_Value,HSE_VALUE,HSI48_VALUE,HSI_VALUE,I2C1Freq_Value,I2C2Freq_Value,I2C3Freq_Value,I2C4Freq_Value,LPTIM1Freq_Value,LPTIM2Freq_Value,LPUART1Freq_Value,LSCOPinFreq_Value,LSI_VALUE,MCO1PinFreq_Value,MSI_VALUE,PLLN,PLLPoutputFreq_Value,PLLQoutputFreq_Value,PLLRCLKFreq_Value,PLLSAI1PoutputFreq_Value,PLLSAI1QoutputFreq_Value,PLLSAI1RoutputFreq_Value,PLLSAI2PoutputFreq_Value,PLLSAI2RoutputFreq_Value,PLLSourceVirtual,PWRFreq_Value,RNGFreq_Value,SAI1Freq_Value,SAI2Freq_Value,SDMMCFreq_Value,SWPMI1Freq_Value,SYSCLKFreq_VALUE,SYSCLKSource,UART4Freq_Value,UART5Freq_Value,USART1Freq_Value,USART2Freq_Value,USART3Freq_Value,USBFreq_Value,VCOInputFreq_Value,VCOOutputFreq_Value,VCOSAI1OutputFreq_Value,VCOSAI2OutputFreq_Value
ProjectManager.AskForMigrate=false
Mcu.Name=STM32L496Z(E-G)Tx
RCC.LPTIM2Freq_Value=80000000
Mcu.Pin26=PB3 (JTDO/TRACESWO)
Mcu.Pin27=PB6
LPUART1.BaudRate=115200
Mcu.Pin24=PG13
ProjectManager.UnderRoot=false
Mcu.Pin25=PG14
Mcu.IP8=TIM4
Mcu.Pin28=PB7
Mcu.IP6=SPI1
PC8.Mode=Slave_8_bits_External_Synchro
Mcu.Pin29=VP_SYS_VS_Systick
Mcu.IP7=SYS
ProjectManager.CoupleFile=true
PA4.Signal=DCMI_HSYNC
RCC.SYSCLKFreq_VALUE=80000000
Mcu.Pin22=PA15 (JTDI)
Mcu.Pin23=PD3
Mcu.Pin20=PA13 (JTMS/SWDIO)
Mcu.Pin21=PA14 (JTCK/SWCLK)
NVIC.ForceEnableDMAVector=true
RCC.PLLSAI2PoutputFreq_Value=64000000
KeepUserPlacement=false
PC14-OSC32_IN\ (PC14).Signal=RCC_OSC32_IN
NVIC.MemoryManagement_IRQn=true\:0\:0\:false\:false\:true\:false\:false
ProjectManager.CompilerOptimize=6
PB7.Mode=Slave_8_bits_External_Synchro
PA11.Signal=GPIO_Output
ProjectManager.HeapSize=0x200
Mcu.Pin15=PC7
NVIC.HardFault_IRQn=true\:0\:0\:false\:false\:true\:false\:false
Mcu.Pin16=PC8
Mcu.Pin13=PG8
Mcu.Pin14=PC6
Mcu.Pin19=PA12
ProjectManager.ComputerToolchain=false
Mcu.Pin17=PC9
RCC.HSI_VALUE=16000000
Mcu.Pin18=PA11
VP_TIM4_VS_ClockSourceINT.Mode=Internal
NVIC.PriorityGroup=NVIC_PRIORITYGROUP_4
Mcu.Pin11=PD9
Mcu.Pin12=PG7
RCC.PLLN=10
PB3\ (JTDO/TRACESWO).Mode=JTAG_4_pins
Mcu.Pin10=PB14
RCC.PWRFreq_Value=80000000
Dma.DCMI.0.PeriphInc=DMA_PINC_DISABLE
PC9.Signal=DCMI_D3
NVIC.DCMI_IRQn=true\:0\:0\:false\:false\:true\:true\:true
PC7.Mode=Slave_8_bits_External_Synchro
RCC.I2C2Freq_Value=80000000
RCC.APB1Freq_Value=80000000
ProjectManager.DeviceId=STM32L496ZGTx
PB12.Signal=GPIO_Output
ProjectManager.LibraryCopy=0
PA13\ (JTMS/SWDIO).Signal=SYS_JTMS-SWDIO
Dma.DCMI.0.Priority=DMA_PRIORITY_HIGH
PA7.Signal=SPI1_MOSI
